
Microsoft Visual Studio Solution File, Format Version 12.00
# Visual Studio Version 17
VisualStudioVersion = 17.0.31410.414
MinimumVisualStudioVersion = 10.0.40219.1
Project("{9A19103F-16F7-4668-BE54-9A1E7A4F7556}") = "NUnitTestProject", "NUnitTestProject\NUnitTestProject.csproj", "{CBE67E24-7227-4207-B653-2EF4476BFD8D}"
EndProject
Project("{9A19103F-16F7-4668-BE54-9A1E7A4F7556}") = "EventDeleget", "EventDeleget\EventDeleget.csproj", "{5BEB78AB-EEAF-4E7A-ACD7-7C94C5E0B179}"
EndProject
Project("{9A19103F-16F7-4668-BE54-9A1E7A4F7556}") = "ShallowVsDeepCopy", "ShallowVsDeepCopy\ShallowVsDeepCopy.csproj", "{73F381F8-F077-4CA4-BFEC-9444EA02CC43}"
EndProject
Project("{9A19103F-16F7-4668-BE54-9A1E7A4F7556}") = "DelegetActionFunc", "DelegetActionFunc\DelegetActionFunc.csproj", "{EA2C997F-F9C2-4807-AA20-C4CBDEA01628}"
EndProject
Project("{9A19103F-16F7-4668-BE54-9A1E7A4F7556}") = "ExtentionMethod", "ExtentionMethod\ExtentionMethod.csproj", "{F5FD7F0D-84CA-41E7-A3F6-50CA44FDF25D}"
EndProject
Project("{9A19103F-16F7-4668-BE54-9A1E7A4F7556}") = "LINQQueryExample", "LINQQueryExample\LINQQueryExample.csproj", "{82C607E2-BF65-424D-819D-3DFB8F4AB95B}"
EndProject
Project("{9A19103F-16F7-4668-BE54-9A1E7A4F7556}") = "EventExample", "EventExample\EventExample.csproj", "{29F74E1A-4A9E-4C0E-A126-E3054E7538D1}"
EndProject
Project("{9A19103F-16F7-4668-BE54-9A1E7A4F7556}") = "PublisherSubscriberPattternWithEventDelegate", "PublisherSubscriberPattternWithEventDelegate\PublisherSubscriberPattternWithEventDelegate.csproj", "{85F889E9-6F83-406F-A5CE-DCD5490E93E5}"
EndProject
Project("{9A19103F-16F7-4668-BE54-9A1E7A4F7556}") = "UseOfLock", "UseOfLock\UseOfLock.csproj", "{FC324A72-EA3B-4BFC-9693-C1B793D2B41B}"
EndProject
Project("{9A19103F-16F7-4668-BE54-9A1E7A4F7556}") = "EventDelegateNew", "EventDelegateNew\EventDelegateNew.csproj", "{C083D779-48B3-4371-B454-04D19BEA3DD1}"
EndProject
Project("{9A19103F-16F7-4668-BE54-9A1E7A4F7556}") = "YieldExample", "YieldExample\YieldExample.csproj", "{7BBBB97D-F89D-4AC7-AEB4-8FE56145651E}"
EndProject
Project("{9A19103F-16F7-4668-BE54-9A1E7A4F7556}") = "AccessModifier", "AccessModifier\AccessModifier.csproj", "{25980787-16B4-41B2-BAA0-451DC5330755}"
EndProject
Project("{9A19103F-16F7-4668-BE54-9A1E7A4F7556}") = "CsharpTen", "CsharpTen\CsharpTen.csproj", "{1CA3F297-1462-4DD7-B65D-5CC6A9E026FF}"
EndProject
Project("{9A19103F-16F7-4668-BE54-9A1E7A4F7556}") = "CsharpNine", "CsharpNine\CsharpNine.csproj", "{64DF2CC3-0B5A-428E-90E8-0C30BAD3188D}"
EndProject
Project("{2150E333-8FDC-42A3-9474-1A3956D46DE8}") = "DesignPatterns", "DesignPatterns", "{6770708B-7985-4073-B0E5-E153176571D5}"
EndProject
Project("{9A19103F-16F7-4668-BE54-9A1E7A4F7556}") = "FactoryMethod", "FactoryMethod\FactoryMethod.csproj", "{ABC17F0A-C5FE-415C-926E-E9AF21D38F9B}"
EndProject
Project("{2150E333-8FDC-42A3-9474-1A3956D46DE8}") = "Creational", "Creational", "{65C2AE0C-93E5-42CC-A944-2A3341FCE2B4}"
EndProject
Project("{2150E333-8FDC-42A3-9474-1A3956D46DE8}") = "Structural", "Structural", "{85073484-D2DE-441E-BA93-9BC79A8C6EAC}"
EndProject
Project("{2150E333-8FDC-42A3-9474-1A3956D46DE8}") = "Behavioral", "Behavioral", "{A1F3EFD9-6E14-4CD7-9FDF-78010CA3CFDF}"
EndProject
Project("{9A19103F-16F7-4668-BE54-9A1E7A4F7556}") = "AbstractFactory", "AbstractFactory\AbstractFactory.csproj", "{9E5757B4-05EF-47ED-96A2-484655891E6D}"
EndProject
Project("{9A19103F-16F7-4668-BE54-9A1E7A4F7556}") = "Singleton", "Singleton\Singleton.csproj", "{4EA0C263-9A03-4847-ACEF-15347E28BE3B}"
EndProject
Project("{9A19103F-16F7-4668-BE54-9A1E7A4F7556}") = "Builder", "Builder\Builder.csproj", "{24C78009-99B0-40A5-88C6-9267C38A32C3}"
EndProject
Project("{9A19103F-16F7-4668-BE54-9A1E7A4F7556}") = "Prototype", "Prototype\Prototype.csproj", "{CC172D80-568F-4A65-9F2F-ADC717E51B10}"
EndProject
Project("{9A19103F-16F7-4668-BE54-9A1E7A4F7556}") = "Adapter", "Adapter\Adapter.csproj", "{86E55217-8180-474F-B9F4-0F3008BC726F}"
EndProject
Project("{9A19103F-16F7-4668-BE54-9A1E7A4F7556}") = "Bridge", "Bridge\Bridge.csproj", "{54E32675-DE4A-49A8-AA4E-236FFBB18B41}"
EndProject
Project("{9A19103F-16F7-4668-BE54-9A1E7A4F7556}") = "Composite", "Composite\Composite.csproj", "{6212A7B1-34B2-4AA7-84B8-A0839EBC9C14}"
EndProject
Project("{9A19103F-16F7-4668-BE54-9A1E7A4F7556}") = "Decorator", "Decorator\Decorator.csproj", "{BDDFC276-97C0-4E1A-98A0-EA69C4B66C4A}"
EndProject
Project("{9A19103F-16F7-4668-BE54-9A1E7A4F7556}") = "Facade", "Facade\Facade.csproj", "{B4905C69-0EAD-4219-BBBA-59986796F4E5}"
EndProject
Project("{9A19103F-16F7-4668-BE54-9A1E7A4F7556}") = "Flyweight", "Flyweight\Flyweight.csproj", "{F1618694-5E53-405D-9775-96D341926283}"
EndProject
Project("{9A19103F-16F7-4668-BE54-9A1E7A4F7556}") = "Proxy", "Proxy\Proxy.csproj", "{A27A3696-99C1-46C5-8E79-CFACAA87E7A2}"
EndProject
Project("{9A19103F-16F7-4668-BE54-9A1E7A4F7556}") = "Observer", "Observer\Observer.csproj", "{6F14FB47-6228-4271-A879-F986C951C7E4}"
EndProject
Project("{9A19103F-16F7-4668-BE54-9A1E7A4F7556}") = "Iterator", "Iterator\Iterator.csproj", "{2F32D3F9-30AF-4150-A457-68DB3374C807}"
EndProject
Project("{9A19103F-16F7-4668-BE54-9A1E7A4F7556}") = "Mediator", "Mediator\Mediator.csproj", "{C252CEED-80DB-4F27-AE16-4A9728A8AF5E}"
EndProject
Project("{9A19103F-16F7-4668-BE54-9A1E7A4F7556}") = "Command", "Command\Command.csproj", "{D14A8CBD-A76B-489C-8B7A-914AE410F3CE}"
EndProject
Project("{9A19103F-16F7-4668-BE54-9A1E7A4F7556}") = "State", "State\State.csproj", "{4A8CC134-4DDB-41B0-932C-D4C87E170DD7}"
EndProject
Project("{9A19103F-16F7-4668-BE54-9A1E7A4F7556}") = "ChainOfResponsibility", "ChainOfResponsibility\ChainOfResponsibility.csproj", "{878112E4-DD5E-4A5A-BA8A-BA9B64299A14}"
EndProject
Project("{9A19103F-16F7-4668-BE54-9A1E7A4F7556}") = "Strategy", "Strategy\Strategy.csproj", "{3CC3D63F-ED7B-4338-9124-6BA5D987963A}"
EndProject
Project("{9A19103F-16F7-4668-BE54-9A1E7A4F7556}") = "Visitor", "Visitor\Visitor.csproj", "{AEE95245-7836-46FA-B84D-434A26F6D29C}"
EndProject
Project("{9A19103F-16F7-4668-BE54-9A1E7A4F7556}") = "DesignPattern", "DesignPattern\DesignPattern.csproj", "{28538050-42B2-408D-9AB6-0A538478AE76}"
EndProject
Project("{9A19103F-16F7-4668-BE54-9A1E7A4F7556}") = "TemplateMethod", "TemplateMethod\TemplateMethod.csproj", "{B3977516-6CD0-4E3C-94B5-196BAF9FABF3}"
EndProject
Project("{9A19103F-16F7-4668-BE54-9A1E7A4F7556}") = "Interpreter", "Interpreter\Interpreter.csproj", "{B66FA07F-B0B7-4D5C-8833-1ABAC843FEF0}"
EndProject
Project("{9A19103F-16F7-4668-BE54-9A1E7A4F7556}") = "Memento", "Memento\Memento.csproj", "{DFA0E7CD-2BD1-4B7B-82BF-4749AB468BE3}"
EndProject
Project("{9A19103F-16F7-4668-BE54-9A1E7A4F7556}") = "ParallelForForEach", "ParallelForForEach\ParallelForForEach.csproj", "{215835E9-9088-4534-9E72-650098224C14}"
EndProject
Project("{9A19103F-16F7-4668-BE54-9A1E7A4F7556}") = "NestedClasses", "NestedClasses\NestedClasses.csproj", "{A1F78F16-EAAA-4818-BF45-063B18DA7F7B}"
EndProject
Project("{9A19103F-16F7-4668-BE54-9A1E7A4F7556}") = "PartialClasses", "PartialClasses\PartialClasses.csproj", "{B56EC846-5B98-412B-BCCA-1EFC78EF9D0C}"
EndProject
Project("{9A19103F-16F7-4668-BE54-9A1E7A4F7556}") = "Disposable", "Disposable\Disposable.csproj", "{CD0C7657-D9D8-489E-8342-898D078754F2}"
EndProject
Project("{FAE04EC0-301F-11D3-BF4B-00C04F79EFBC}") = "Reflection", "Reflection\Reflection.csproj", "{8CCAEEEB-0CA4-47D0-8615-C8DA5654D42D}"
EndProject
Project("{FAE04EC0-301F-11D3-BF4B-00C04F79EFBC}") = "OverrideVsNew", "OverrideVsNew\OverrideVsNew.csproj", "{F489E9B5-0EA6-41DD-A433-6C972A1A7D7F}"
EndProject
Project("{FAE04EC0-301F-11D3-BF4B-00C04F79EFBC}") = "ThreadStartTaskRunTaskFactoryStartNew", "ThreadStartTaskRunTaskFactoryStartNew\ThreadStartTaskRunTaskFactoryStartNew.csproj", "{A548D93A-3877-4DAE-A6AA-A6AC2E548609}"
EndProject
Global
	GlobalSection(SolutionConfigurationPlatforms) = preSolution
		Debug|Any CPU = Debug|Any CPU
		Release|Any CPU = Release|Any CPU
	EndGlobalSection
	GlobalSection(ProjectConfigurationPlatforms) = postSolution
		{CBE67E24-7227-4207-B653-2EF4476BFD8D}.Debug|Any CPU.ActiveCfg = Debug|Any CPU
		{CBE67E24-7227-4207-B653-2EF4476BFD8D}.Debug|Any CPU.Build.0 = Debug|Any CPU
		{CBE67E24-7227-4207-B653-2EF4476BFD8D}.Release|Any CPU.ActiveCfg = Release|Any CPU
		{CBE67E24-7227-4207-B653-2EF4476BFD8D}.Release|Any CPU.Build.0 = Release|Any CPU
		{5BEB78AB-EEAF-4E7A-ACD7-7C94C5E0B179}.Debug|Any CPU.ActiveCfg = Debug|Any CPU
		{5BEB78AB-EEAF-4E7A-ACD7-7C94C5E0B179}.Debug|Any CPU.Build.0 = Debug|Any CPU
		{5BEB78AB-EEAF-4E7A-ACD7-7C94C5E0B179}.Release|Any CPU.ActiveCfg = Release|Any CPU
		{5BEB78AB-EEAF-4E7A-ACD7-7C94C5E0B179}.Release|Any CPU.Build.0 = Release|Any CPU
		{73F381F8-F077-4CA4-BFEC-9444EA02CC43}.Debug|Any CPU.ActiveCfg = Debug|Any CPU
		{73F381F8-F077-4CA4-BFEC-9444EA02CC43}.Debug|Any CPU.Build.0 = Debug|Any CPU
		{73F381F8-F077-4CA4-BFEC-9444EA02CC43}.Release|Any CPU.ActiveCfg = Release|Any CPU
		{73F381F8-F077-4CA4-BFEC-9444EA02CC43}.Release|Any CPU.Build.0 = Release|Any CPU
		{EA2C997F-F9C2-4807-AA20-C4CBDEA01628}.Debug|Any CPU.ActiveCfg = Debug|Any CPU
		{EA2C997F-F9C2-4807-AA20-C4CBDEA01628}.Debug|Any CPU.Build.0 = Debug|Any CPU
		{EA2C997F-F9C2-4807-AA20-C4CBDEA01628}.Release|Any CPU.ActiveCfg = Release|Any CPU
		{EA2C997F-F9C2-4807-AA20-C4CBDEA01628}.Release|Any CPU.Build.0 = Release|Any CPU
		{F5FD7F0D-84CA-41E7-A3F6-50CA44FDF25D}.Debug|Any CPU.ActiveCfg = Debug|Any CPU
		{F5FD7F0D-84CA-41E7-A3F6-50CA44FDF25D}.Debug|Any CPU.Build.0 = Debug|Any CPU
		{F5FD7F0D-84CA-41E7-A3F6-50CA44FDF25D}.Release|Any CPU.ActiveCfg = Release|Any CPU
		{F5FD7F0D-84CA-41E7-A3F6-50CA44FDF25D}.Release|Any CPU.Build.0 = Release|Any CPU
		{82C607E2-BF65-424D-819D-3DFB8F4AB95B}.Debug|Any CPU.ActiveCfg = Debug|Any CPU
		{82C607E2-BF65-424D-819D-3DFB8F4AB95B}.Debug|Any CPU.Build.0 = Debug|Any CPU
		{82C607E2-BF65-424D-819D-3DFB8F4AB95B}.Release|Any CPU.ActiveCfg = Release|Any CPU
		{82C607E2-BF65-424D-819D-3DFB8F4AB95B}.Release|Any CPU.Build.0 = Release|Any CPU
		{29F74E1A-4A9E-4C0E-A126-E3054E7538D1}.Debug|Any CPU.ActiveCfg = Debug|Any CPU
		{29F74E1A-4A9E-4C0E-A126-E3054E7538D1}.Debug|Any CPU.Build.0 = Debug|Any CPU
		{29F74E1A-4A9E-4C0E-A126-E3054E7538D1}.Release|Any CPU.ActiveCfg = Release|Any CPU
		{29F74E1A-4A9E-4C0E-A126-E3054E7538D1}.Release|Any CPU.Build.0 = Release|Any CPU
		{85F889E9-6F83-406F-A5CE-DCD5490E93E5}.Debug|Any CPU.ActiveCfg = Debug|Any CPU
		{85F889E9-6F83-406F-A5CE-DCD5490E93E5}.Debug|Any CPU.Build.0 = Debug|Any CPU
		{85F889E9-6F83-406F-A5CE-DCD5490E93E5}.Release|Any CPU.ActiveCfg = Release|Any CPU
		{85F889E9-6F83-406F-A5CE-DCD5490E93E5}.Release|Any CPU.Build.0 = Release|Any CPU
		{FC324A72-EA3B-4BFC-9693-C1B793D2B41B}.Debug|Any CPU.ActiveCfg = Debug|Any CPU
		{FC324A72-EA3B-4BFC-9693-C1B793D2B41B}.Debug|Any CPU.Build.0 = Debug|Any CPU
		{FC324A72-EA3B-4BFC-9693-C1B793D2B41B}.Release|Any CPU.ActiveCfg = Release|Any CPU
		{FC324A72-EA3B-4BFC-9693-C1B793D2B41B}.Release|Any CPU.Build.0 = Release|Any CPU
		{C083D779-48B3-4371-B454-04D19BEA3DD1}.Debug|Any CPU.ActiveCfg = Debug|Any CPU
		{C083D779-48B3-4371-B454-04D19BEA3DD1}.Debug|Any CPU.Build.0 = Debug|Any CPU
		{C083D779-48B3-4371-B454-04D19BEA3DD1}.Release|Any CPU.ActiveCfg = Release|Any CPU
		{C083D779-48B3-4371-B454-04D19BEA3DD1}.Release|Any CPU.Build.0 = Release|Any CPU
		{7BBBB97D-F89D-4AC7-AEB4-8FE56145651E}.Debug|Any CPU.ActiveCfg = Debug|Any CPU
		{7BBBB97D-F89D-4AC7-AEB4-8FE56145651E}.Debug|Any CPU.Build.0 = Debug|Any CPU
		{7BBBB97D-F89D-4AC7-AEB4-8FE56145651E}.Release|Any CPU.ActiveCfg = Release|Any CPU
		{7BBBB97D-F89D-4AC7-AEB4-8FE56145651E}.Release|Any CPU.Build.0 = Release|Any CPU
		{25980787-16B4-41B2-BAA0-451DC5330755}.Debug|Any CPU.ActiveCfg = Debug|Any CPU
		{25980787-16B4-41B2-BAA0-451DC5330755}.Debug|Any CPU.Build.0 = Debug|Any CPU
		{25980787-16B4-41B2-BAA0-451DC5330755}.Release|Any CPU.ActiveCfg = Release|Any CPU
		{25980787-16B4-41B2-BAA0-451DC5330755}.Release|Any CPU.Build.0 = Release|Any CPU
		{1CA3F297-1462-4DD7-B65D-5CC6A9E026FF}.Debug|Any CPU.ActiveCfg = Debug|Any CPU
		{1CA3F297-1462-4DD7-B65D-5CC6A9E026FF}.Debug|Any CPU.Build.0 = Debug|Any CPU
		{1CA3F297-1462-4DD7-B65D-5CC6A9E026FF}.Release|Any CPU.ActiveCfg = Release|Any CPU
		{1CA3F297-1462-4DD7-B65D-5CC6A9E026FF}.Release|Any CPU.Build.0 = Release|Any CPU
		{64DF2CC3-0B5A-428E-90E8-0C30BAD3188D}.Debug|Any CPU.ActiveCfg = Debug|Any CPU
		{64DF2CC3-0B5A-428E-90E8-0C30BAD3188D}.Debug|Any CPU.Build.0 = Debug|Any CPU
		{64DF2CC3-0B5A-428E-90E8-0C30BAD3188D}.Release|Any CPU.ActiveCfg = Release|Any CPU
		{64DF2CC3-0B5A-428E-90E8-0C30BAD3188D}.Release|Any CPU.Build.0 = Release|Any CPU
		{ABC17F0A-C5FE-415C-926E-E9AF21D38F9B}.Debug|Any CPU.ActiveCfg = Debug|Any CPU
		{ABC17F0A-C5FE-415C-926E-E9AF21D38F9B}.Debug|Any CPU.Build.0 = Debug|Any CPU
		{ABC17F0A-C5FE-415C-926E-E9AF21D38F9B}.Release|Any CPU.ActiveCfg = Release|Any CPU
		{ABC17F0A-C5FE-415C-926E-E9AF21D38F9B}.Release|Any CPU.Build.0 = Release|Any CPU
		{9E5757B4-05EF-47ED-96A2-484655891E6D}.Debug|Any CPU.ActiveCfg = Debug|Any CPU
		{9E5757B4-05EF-47ED-96A2-484655891E6D}.Debug|Any CPU.Build.0 = Debug|Any CPU
		{9E5757B4-05EF-47ED-96A2-484655891E6D}.Release|Any CPU.ActiveCfg = Release|Any CPU
		{9E5757B4-05EF-47ED-96A2-484655891E6D}.Release|Any CPU.Build.0 = Release|Any CPU
		{4EA0C263-9A03-4847-ACEF-15347E28BE3B}.Debug|Any CPU.ActiveCfg = Debug|Any CPU
		{4EA0C263-9A03-4847-ACEF-15347E28BE3B}.Debug|Any CPU.Build.0 = Debug|Any CPU
		{4EA0C263-9A03-4847-ACEF-15347E28BE3B}.Release|Any CPU.ActiveCfg = Release|Any CPU
		{4EA0C263-9A03-4847-ACEF-15347E28BE3B}.Release|Any CPU.Build.0 = Release|Any CPU
		{24C78009-99B0-40A5-88C6-9267C38A32C3}.Debug|Any CPU.ActiveCfg = Debug|Any CPU
		{24C78009-99B0-40A5-88C6-9267C38A32C3}.Debug|Any CPU.Build.0 = Debug|Any CPU
		{24C78009-99B0-40A5-88C6-9267C38A32C3}.Release|Any CPU.ActiveCfg = Release|Any CPU
		{24C78009-99B0-40A5-88C6-9267C38A32C3}.Release|Any CPU.Build.0 = Release|Any CPU
		{CC172D80-568F-4A65-9F2F-ADC717E51B10}.Debug|Any CPU.ActiveCfg = Debug|Any CPU
		{CC172D80-568F-4A65-9F2F-ADC717E51B10}.Debug|Any CPU.Build.0 = Debug|Any CPU
		{CC172D80-568F-4A65-9F2F-ADC717E51B10}.Release|Any CPU.ActiveCfg = Release|Any CPU
		{CC172D80-568F-4A65-9F2F-ADC717E51B10}.Release|Any CPU.Build.0 = Release|Any CPU
		{86E55217-8180-474F-B9F4-0F3008BC726F}.Debug|Any CPU.ActiveCfg = Debug|Any CPU
		{86E55217-8180-474F-B9F4-0F3008BC726F}.Debug|Any CPU.Build.0 = Debug|Any CPU
		{86E55217-8180-474F-B9F4-0F3008BC726F}.Release|Any CPU.ActiveCfg = Release|Any CPU
		{86E55217-8180-474F-B9F4-0F3008BC726F}.Release|Any CPU.Build.0 = Release|Any CPU
		{54E32675-DE4A-49A8-AA4E-236FFBB18B41}.Debug|Any CPU.ActiveCfg = Debug|Any CPU
		{54E32675-DE4A-49A8-AA4E-236FFBB18B41}.Debug|Any CPU.Build.0 = Debug|Any CPU
		{54E32675-DE4A-49A8-AA4E-236FFBB18B41}.Release|Any CPU.ActiveCfg = Release|Any CPU
		{54E32675-DE4A-49A8-AA4E-236FFBB18B41}.Release|Any CPU.Build.0 = Release|Any CPU
		{6212A7B1-34B2-4AA7-84B8-A0839EBC9C14}.Debug|Any CPU.ActiveCfg = Debug|Any CPU
		{6212A7B1-34B2-4AA7-84B8-A0839EBC9C14}.Debug|Any CPU.Build.0 = Debug|Any CPU
		{6212A7B1-34B2-4AA7-84B8-A0839EBC9C14}.Release|Any CPU.ActiveCfg = Release|Any CPU
		{6212A7B1-34B2-4AA7-84B8-A0839EBC9C14}.Release|Any CPU.Build.0 = Release|Any CPU
		{BDDFC276-97C0-4E1A-98A0-EA69C4B66C4A}.Debug|Any CPU.ActiveCfg = Debug|Any CPU
		{BDDFC276-97C0-4E1A-98A0-EA69C4B66C4A}.Debug|Any CPU.Build.0 = Debug|Any CPU
		{BDDFC276-97C0-4E1A-98A0-EA69C4B66C4A}.Release|Any CPU.ActiveCfg = Release|Any CPU
		{BDDFC276-97C0-4E1A-98A0-EA69C4B66C4A}.Release|Any CPU.Build.0 = Release|Any CPU
		{B4905C69-0EAD-4219-BBBA-59986796F4E5}.Debug|Any CPU.ActiveCfg = Debug|Any CPU
		{B4905C69-0EAD-4219-BBBA-59986796F4E5}.Debug|Any CPU.Build.0 = Debug|Any CPU
		{B4905C69-0EAD-4219-BBBA-59986796F4E5}.Release|Any CPU.ActiveCfg = Release|Any CPU
		{B4905C69-0EAD-4219-BBBA-59986796F4E5}.Release|Any CPU.Build.0 = Release|Any CPU
		{F1618694-5E53-405D-9775-96D341926283}.Debug|Any CPU.ActiveCfg = Debug|Any CPU
		{F1618694-5E53-405D-9775-96D341926283}.Debug|Any CPU.Build.0 = Debug|Any CPU
		{F1618694-5E53-405D-9775-96D341926283}.Release|Any CPU.ActiveCfg = Release|Any CPU
		{F1618694-5E53-405D-9775-96D341926283}.Release|Any CPU.Build.0 = Release|Any CPU
		{A27A3696-99C1-46C5-8E79-CFACAA87E7A2}.Debug|Any CPU.ActiveCfg = Debug|Any CPU
		{A27A3696-99C1-46C5-8E79-CFACAA87E7A2}.Debug|Any CPU.Build.0 = Debug|Any CPU
		{A27A3696-99C1-46C5-8E79-CFACAA87E7A2}.Release|Any CPU.ActiveCfg = Release|Any CPU
		{A27A3696-99C1-46C5-8E79-CFACAA87E7A2}.Release|Any CPU.Build.0 = Release|Any CPU
		{6F14FB47-6228-4271-A879-F986C951C7E4}.Debug|Any CPU.ActiveCfg = Debug|Any CPU
		{6F14FB47-6228-4271-A879-F986C951C7E4}.Debug|Any CPU.Build.0 = Debug|Any CPU
		{6F14FB47-6228-4271-A879-F986C951C7E4}.Release|Any CPU.ActiveCfg = Release|Any CPU
		{6F14FB47-6228-4271-A879-F986C951C7E4}.Release|Any CPU.Build.0 = Release|Any CPU
		{2F32D3F9-30AF-4150-A457-68DB3374C807}.Debug|Any CPU.ActiveCfg = Debug|Any CPU
		{2F32D3F9-30AF-4150-A457-68DB3374C807}.Debug|Any CPU.Build.0 = Debug|Any CPU
		{2F32D3F9-30AF-4150-A457-68DB3374C807}.Release|Any CPU.ActiveCfg = Release|Any CPU
		{2F32D3F9-30AF-4150-A457-68DB3374C807}.Release|Any CPU.Build.0 = Release|Any CPU
		{C252CEED-80DB-4F27-AE16-4A9728A8AF5E}.Debug|Any CPU.ActiveCfg = Debug|Any CPU
		{C252CEED-80DB-4F27-AE16-4A9728A8AF5E}.Debug|Any CPU.Build.0 = Debug|Any CPU
		{C252CEED-80DB-4F27-AE16-4A9728A8AF5E}.Release|Any CPU.ActiveCfg = Release|Any CPU
		{C252CEED-80DB-4F27-AE16-4A9728A8AF5E}.Release|Any CPU.Build.0 = Release|Any CPU
		{D14A8CBD-A76B-489C-8B7A-914AE410F3CE}.Debug|Any CPU.ActiveCfg = Debug|Any CPU
		{D14A8CBD-A76B-489C-8B7A-914AE410F3CE}.Debug|Any CPU.Build.0 = Debug|Any CPU
		{D14A8CBD-A76B-489C-8B7A-914AE410F3CE}.Release|Any CPU.ActiveCfg = Release|Any CPU
		{D14A8CBD-A76B-489C-8B7A-914AE410F3CE}.Release|Any CPU.Build.0 = Release|Any CPU
		{4A8CC134-4DDB-41B0-932C-D4C87E170DD7}.Debug|Any CPU.ActiveCfg = Debug|Any CPU
		{4A8CC134-4DDB-41B0-932C-D4C87E170DD7}.Debug|Any CPU.Build.0 = Debug|Any CPU
		{4A8CC134-4DDB-41B0-932C-D4C87E170DD7}.Release|Any CPU.ActiveCfg = Release|Any CPU
		{4A8CC134-4DDB-41B0-932C-D4C87E170DD7}.Release|Any CPU.Build.0 = Release|Any CPU
		{878112E4-DD5E-4A5A-BA8A-BA9B64299A14}.Debug|Any CPU.ActiveCfg = Debug|Any CPU
		{878112E4-DD5E-4A5A-BA8A-BA9B64299A14}.Debug|Any CPU.Build.0 = Debug|Any CPU
		{878112E4-DD5E-4A5A-BA8A-BA9B64299A14}.Release|Any CPU.ActiveCfg = Release|Any CPU
		{878112E4-DD5E-4A5A-BA8A-BA9B64299A14}.Release|Any CPU.Build.0 = Release|Any CPU
		{3CC3D63F-ED7B-4338-9124-6BA5D987963A}.Debug|Any CPU.ActiveCfg = Debug|Any CPU
		{3CC3D63F-ED7B-4338-9124-6BA5D987963A}.Debug|Any CPU.Build.0 = Debug|Any CPU
		{3CC3D63F-ED7B-4338-9124-6BA5D987963A}.Release|Any CPU.ActiveCfg = Release|Any CPU
		{3CC3D63F-ED7B-4338-9124-6BA5D987963A}.Release|Any CPU.Build.0 = Release|Any CPU
		{AEE95245-7836-46FA-B84D-434A26F6D29C}.Debug|Any CPU.ActiveCfg = Debug|Any CPU
		{AEE95245-7836-46FA-B84D-434A26F6D29C}.Debug|Any CPU.Build.0 = Debug|Any CPU
		{AEE95245-7836-46FA-B84D-434A26F6D29C}.Release|Any CPU.ActiveCfg = Release|Any CPU
		{AEE95245-7836-46FA-B84D-434A26F6D29C}.Release|Any CPU.Build.0 = Release|Any CPU
		{28538050-42B2-408D-9AB6-0A538478AE76}.Debug|Any CPU.ActiveCfg = Debug|Any CPU
		{28538050-42B2-408D-9AB6-0A538478AE76}.Debug|Any CPU.Build.0 = Debug|Any CPU
		{28538050-42B2-408D-9AB6-0A538478AE76}.Release|Any CPU.ActiveCfg = Release|Any CPU
		{28538050-42B2-408D-9AB6-0A538478AE76}.Release|Any CPU.Build.0 = Release|Any CPU
		{B3977516-6CD0-4E3C-94B5-196BAF9FABF3}.Debug|Any CPU.ActiveCfg = Debug|Any CPU
		{B3977516-6CD0-4E3C-94B5-196BAF9FABF3}.Debug|Any CPU.Build.0 = Debug|Any CPU
		{B3977516-6CD0-4E3C-94B5-196BAF9FABF3}.Release|Any CPU.ActiveCfg = Release|Any CPU
		{B3977516-6CD0-4E3C-94B5-196BAF9FABF3}.Release|Any CPU.Build.0 = Release|Any CPU
		{B66FA07F-B0B7-4D5C-8833-1ABAC843FEF0}.Debug|Any CPU.ActiveCfg = Debug|Any CPU
		{B66FA07F-B0B7-4D5C-8833-1ABAC843FEF0}.Debug|Any CPU.Build.0 = Debug|Any CPU
		{B66FA07F-B0B7-4D5C-8833-1ABAC843FEF0}.Release|Any CPU.ActiveCfg = Release|Any CPU
		{B66FA07F-B0B7-4D5C-8833-1ABAC843FEF0}.Release|Any CPU.Build.0 = Release|Any CPU
		{DFA0E7CD-2BD1-4B7B-82BF-4749AB468BE3}.Debug|Any CPU.ActiveCfg = Debug|Any CPU
		{DFA0E7CD-2BD1-4B7B-82BF-4749AB468BE3}.Debug|Any CPU.Build.0 = Debug|Any CPU
		{DFA0E7CD-2BD1-4B7B-82BF-4749AB468BE3}.Release|Any CPU.ActiveCfg = Release|Any CPU
		{DFA0E7CD-2BD1-4B7B-82BF-4749AB468BE3}.Release|Any CPU.Build.0 = Release|Any CPU
		{215835E9-9088-4534-9E72-650098224C14}.Debug|Any CPU.ActiveCfg = Debug|Any CPU
		{215835E9-9088-4534-9E72-650098224C14}.Debug|Any CPU.Build.0 = Debug|Any CPU
		{215835E9-9088-4534-9E72-650098224C14}.Release|Any CPU.ActiveCfg = Release|Any CPU
		{215835E9-9088-4534-9E72-650098224C14}.Release|Any CPU.Build.0 = Release|Any CPU
		{A1F78F16-EAAA-4818-BF45-063B18DA7F7B}.Debug|Any CPU.ActiveCfg = Debug|Any CPU
		{A1F78F16-EAAA-4818-BF45-063B18DA7F7B}.Debug|Any CPU.Build.0 = Debug|Any CPU
		{A1F78F16-EAAA-4818-BF45-063B18DA7F7B}.Release|Any CPU.ActiveCfg = Release|Any CPU
		{A1F78F16-EAAA-4818-BF45-063B18DA7F7B}.Release|Any CPU.Build.0 = Release|Any CPU
		{B56EC846-5B98-412B-BCCA-1EFC78EF9D0C}.Debug|Any CPU.ActiveCfg = Debug|Any CPU
		{B56EC846-5B98-412B-BCCA-1EFC78EF9D0C}.Debug|Any CPU.Build.0 = Debug|Any CPU
		{B56EC846-5B98-412B-BCCA-1EFC78EF9D0C}.Release|Any CPU.ActiveCfg = Release|Any CPU
		{B56EC846-5B98-412B-BCCA-1EFC78EF9D0C}.Release|Any CPU.Build.0 = Release|Any CPU
		{CD0C7657-D9D8-489E-8342-898D078754F2}.Debug|Any CPU.ActiveCfg = Debug|Any CPU
		{CD0C7657-D9D8-489E-8342-898D078754F2}.Debug|Any CPU.Build.0 = Debug|Any CPU
		{CD0C7657-D9D8-489E-8342-898D078754F2}.Release|Any CPU.ActiveCfg = Release|Any CPU
		{CD0C7657-D9D8-489E-8342-898D078754F2}.Release|Any CPU.Build.0 = Release|Any CPU
		{8CCAEEEB-0CA4-47D0-8615-C8DA5654D42D}.Debug|Any CPU.ActiveCfg = Debug|Any CPU
		{8CCAEEEB-0CA4-47D0-8615-C8DA5654D42D}.Debug|Any CPU.Build.0 = Debug|Any CPU
		{8CCAEEEB-0CA4-47D0-8615-C8DA5654D42D}.Release|Any CPU.ActiveCfg = Release|Any CPU
		{8CCAEEEB-0CA4-47D0-8615-C8DA5654D42D}.Release|Any CPU.Build.0 = Release|Any CPU
		{F489E9B5-0EA6-41DD-A433-6C972A1A7D7F}.Debug|Any CPU.ActiveCfg = Debug|Any CPU
		{F489E9B5-0EA6-41DD-A433-6C972A1A7D7F}.Debug|Any CPU.Build.0 = Debug|Any CPU
		{F489E9B5-0EA6-41DD-A433-6C972A1A7D7F}.Release|Any CPU.ActiveCfg = Release|Any CPU
		{F489E9B5-0EA6-41DD-A433-6C972A1A7D7F}.Release|Any CPU.Build.0 = Release|Any CPU
		{A548D93A-3877-4DAE-A6AA-A6AC2E548609}.Debug|Any CPU.ActiveCfg = Debug|Any CPU
		{A548D93A-3877-4DAE-A6AA-A6AC2E548609}.Debug|Any CPU.Build.0 = Debug|Any CPU
		{A548D93A-3877-4DAE-A6AA-A6AC2E548609}.Release|Any CPU.ActiveCfg = Release|Any CPU
		{A548D93A-3877-4DAE-A6AA-A6AC2E548609}.Release|Any CPU.Build.0 = Release|Any CPU
	EndGlobalSection
	GlobalSection(SolutionProperties) = preSolution
		HideSolutionNode = FALSE
	EndGlobalSection
	GlobalSection(NestedProjects) = preSolution
		{ABC17F0A-C5FE-415C-926E-E9AF21D38F9B} = {65C2AE0C-93E5-42CC-A944-2A3341FCE2B4}
		{65C2AE0C-93E5-42CC-A944-2A3341FCE2B4} = {6770708B-7985-4073-B0E5-E153176571D5}
		{85073484-D2DE-441E-BA93-9BC79A8C6EAC} = {6770708B-7985-4073-B0E5-E153176571D5}
		{A1F3EFD9-6E14-4CD7-9FDF-78010CA3CFDF} = {6770708B-7985-4073-B0E5-E153176571D5}
		{9E5757B4-05EF-47ED-96A2-484655891E6D} = {65C2AE0C-93E5-42CC-A944-2A3341FCE2B4}
		{4EA0C263-9A03-4847-ACEF-15347E28BE3B} = {65C2AE0C-93E5-42CC-A944-2A3341FCE2B4}
		{24C78009-99B0-40A5-88C6-9267C38A32C3} = {65C2AE0C-93E5-42CC-A944-2A3341FCE2B4}
		{CC172D80-568F-4A65-9F2F-ADC717E51B10} = {65C2AE0C-93E5-42CC-A944-2A3341FCE2B4}
		{86E55217-8180-474F-B9F4-0F3008BC726F} = {85073484-D2DE-441E-BA93-9BC79A8C6EAC}
		{54E32675-DE4A-49A8-AA4E-236FFBB18B41} = {85073484-D2DE-441E-BA93-9BC79A8C6EAC}
		{6212A7B1-34B2-4AA7-84B8-A0839EBC9C14} = {85073484-D2DE-441E-BA93-9BC79A8C6EAC}
		{BDDFC276-97C0-4E1A-98A0-EA69C4B66C4A} = {85073484-D2DE-441E-BA93-9BC79A8C6EAC}
		{B4905C69-0EAD-4219-BBBA-59986796F4E5} = {85073484-D2DE-441E-BA93-9BC79A8C6EAC}
		{F1618694-5E53-405D-9775-96D341926283} = {85073484-D2DE-441E-BA93-9BC79A8C6EAC}
		{A27A3696-99C1-46C5-8E79-CFACAA87E7A2} = {85073484-D2DE-441E-BA93-9BC79A8C6EAC}
		{6F14FB47-6228-4271-A879-F986C951C7E4} = {A1F3EFD9-6E14-4CD7-9FDF-78010CA3CFDF}
		{2F32D3F9-30AF-4150-A457-68DB3374C807} = {A1F3EFD9-6E14-4CD7-9FDF-78010CA3CFDF}
		{C252CEED-80DB-4F27-AE16-4A9728A8AF5E} = {A1F3EFD9-6E14-4CD7-9FDF-78010CA3CFDF}
		{D14A8CBD-A76B-489C-8B7A-914AE410F3CE} = {A1F3EFD9-6E14-4CD7-9FDF-78010CA3CFDF}
		{4A8CC134-4DDB-41B0-932C-D4C87E170DD7} = {A1F3EFD9-6E14-4CD7-9FDF-78010CA3CFDF}
		{878112E4-DD5E-4A5A-BA8A-BA9B64299A14} = {A1F3EFD9-6E14-4CD7-9FDF-78010CA3CFDF}
		{3CC3D63F-ED7B-4338-9124-6BA5D987963A} = {A1F3EFD9-6E14-4CD7-9FDF-78010CA3CFDF}
		{AEE95245-7836-46FA-B84D-434A26F6D29C} = {A1F3EFD9-6E14-4CD7-9FDF-78010CA3CFDF}
		{28538050-42B2-408D-9AB6-0A538478AE76} = {6770708B-7985-4073-B0E5-E153176571D5}
		{B3977516-6CD0-4E3C-94B5-196BAF9FABF3} = {A1F3EFD9-6E14-4CD7-9FDF-78010CA3CFDF}
		{B66FA07F-B0B7-4D5C-8833-1ABAC843FEF0} = {A1F3EFD9-6E14-4CD7-9FDF-78010CA3CFDF}
		{DFA0E7CD-2BD1-4B7B-82BF-4749AB468BE3} = {A1F3EFD9-6E14-4CD7-9FDF-78010CA3CFDF}
	EndGlobalSection
	GlobalSection(ExtensibilityGlobals) = postSolution
		SolutionGuid = {9639F0D6-55E8-4940-84E2-BFF1920B5B82}
	EndGlobalSection
EndGlobal
