
Microsoft Visual Studio Solution File, Format Version 12.00
# Visual Studio Version 16
VisualStudioVersion = 16.0.29230.61
MinimumVisualStudioVersion = 10.0.40219.1
Project("{9A19103F-16F7-4668-BE54-9A1E7A4F7556}") = "NUnitTestProject", "NUnitTestProject\NUnitTestProject.csproj", "{CBE67E24-7227-4207-B653-2EF4476BFD8D}"
EndProject
Project("{9A19103F-16F7-4668-BE54-9A1E7A4F7556}") = "EventDeleget", "EventDeleget\EventDeleget.csproj", "{5BEB78AB-EEAF-4E7A-ACD7-7C94C5E0B179}"
EndProject
Project("{9A19103F-16F7-4668-BE54-9A1E7A4F7556}") = "ShallowVsDeepCopy", "ShallowVsDeepCopy\ShallowVsDeepCopy.csproj", "{73F381F8-F077-4CA4-BFEC-9444EA02CC43}"
EndProject
Project("{FAE04EC0-301F-11D3-BF4B-00C04F79EFBC}") = "DelegetActionFunc", "DelegetActionFunc\DelegetActionFunc.csproj", "{EA2C997F-F9C2-4807-AA20-C4CBDEA01628}"
EndProject
Global
	GlobalSection(SolutionConfigurationPlatforms) = preSolution
		Debug|Any CPU = Debug|Any CPU
		Release|Any CPU = Release|Any CPU
	EndGlobalSection
	GlobalSection(ProjectConfigurationPlatforms) = postSolution
		{CBE67E24-7227-4207-B653-2EF4476BFD8D}.Debug|Any CPU.ActiveCfg = Debug|Any CPU
		{CBE67E24-7227-4207-B653-2EF4476BFD8D}.Debug|Any CPU.Build.0 = Debug|Any CPU
		{CBE67E24-7227-4207-B653-2EF4476BFD8D}.Release|Any CPU.ActiveCfg = Release|Any CPU
		{CBE67E24-7227-4207-B653-2EF4476BFD8D}.Release|Any CPU.Build.0 = Release|Any CPU
		{5BEB78AB-EEAF-4E7A-ACD7-7C94C5E0B179}.Debug|Any CPU.ActiveCfg = Debug|Any CPU
		{5BEB78AB-EEAF-4E7A-ACD7-7C94C5E0B179}.Debug|Any CPU.Build.0 = Debug|Any CPU
		{5BEB78AB-EEAF-4E7A-ACD7-7C94C5E0B179}.Release|Any CPU.ActiveCfg = Release|Any CPU
		{5BEB78AB-EEAF-4E7A-ACD7-7C94C5E0B179}.Release|Any CPU.Build.0 = Release|Any CPU
		{73F381F8-F077-4CA4-BFEC-9444EA02CC43}.Debug|Any CPU.ActiveCfg = Debug|Any CPU
		{73F381F8-F077-4CA4-BFEC-9444EA02CC43}.Debug|Any CPU.Build.0 = Debug|Any CPU
		{73F381F8-F077-4CA4-BFEC-9444EA02CC43}.Release|Any CPU.ActiveCfg = Release|Any CPU
		{73F381F8-F077-4CA4-BFEC-9444EA02CC43}.Release|Any CPU.Build.0 = Release|Any CPU
		{EA2C997F-F9C2-4807-AA20-C4CBDEA01628}.Debug|Any CPU.ActiveCfg = Debug|Any CPU
		{EA2C997F-F9C2-4807-AA20-C4CBDEA01628}.Debug|Any CPU.Build.0 = Debug|Any CPU
		{EA2C997F-F9C2-4807-AA20-C4CBDEA01628}.Release|Any CPU.ActiveCfg = Release|Any CPU
		{EA2C997F-F9C2-4807-AA20-C4CBDEA01628}.Release|Any CPU.Build.0 = Release|Any CPU
	EndGlobalSection
	GlobalSection(SolutionProperties) = preSolution
		HideSolutionNode = FALSE
	EndGlobalSection
	GlobalSection(ExtensibilityGlobals) = postSolution
		SolutionGuid = {9639F0D6-55E8-4940-84E2-BFF1920B5B82}
	EndGlobalSection
EndGlobal
