
Microsoft Visual Studio Solution File, Format Version 12.00
# Visual Studio Version 16
VisualStudioVersion = 16.0.29230.61
MinimumVisualStudioVersion = 10.0.40219.1
Project("{9A19103F-16F7-4668-BE54-9A1E7A4F7556}") = "NUnitTestProject", "NUnitTestProject\NUnitTestProject.csproj", "{CBE67E24-7227-4207-B653-2EF4476BFD8D}"
EndProject
Project("{9A19103F-16F7-4668-BE54-9A1E7A4F7556}") = "EventDeleget", "EventDeleget\EventDeleget.csproj", "{5BEB78AB-EEAF-4E7A-ACD7-7C94C5E0B179}"
EndProject
Project("{9A19103F-16F7-4668-BE54-9A1E7A4F7556}") = "ShallowVsDeepCopy", "ShallowVsDeepCopy\ShallowVsDeepCopy.csproj", "{73F381F8-F077-4CA4-BFEC-9444EA02CC43}"
EndProject
Project("{9A19103F-16F7-4668-BE54-9A1E7A4F7556}") = "DelegetActionFunc", "DelegetActionFunc\DelegetActionFunc.csproj", "{EA2C997F-F9C2-4807-AA20-C4CBDEA01628}"
EndProject
Project("{9A19103F-16F7-4668-BE54-9A1E7A4F7556}") = "ExtentionMethod", "ExtentionMethod\ExtentionMethod.csproj", "{F5FD7F0D-84CA-41E7-A3F6-50CA44FDF25D}"
EndProject
Project("{9A19103F-16F7-4668-BE54-9A1E7A4F7556}") = "LINQQueryExample", "LINQQueryExample\LINQQueryExample.csproj", "{82C607E2-BF65-424D-819D-3DFB8F4AB95B}"
EndProject
Project("{9A19103F-16F7-4668-BE54-9A1E7A4F7556}") = "EventExample", "EventExample\EventExample.csproj", "{29F74E1A-4A9E-4C0E-A126-E3054E7538D1}"
EndProject
Project("{9A19103F-16F7-4668-BE54-9A1E7A4F7556}") = "PublisherSubscriberPattternWithEventDelegate", "PublisherSubscriberPattternWithEventDelegate\PublisherSubscriberPattternWithEventDelegate.csproj", "{85F889E9-6F83-406F-A5CE-DCD5490E93E5}"
EndProject
Project("{9A19103F-16F7-4668-BE54-9A1E7A4F7556}") = "UseOfLock", "UseOfLock\UseOfLock.csproj", "{FC324A72-EA3B-4BFC-9693-C1B793D2B41B}"
EndProject
Project("{9A19103F-16F7-4668-BE54-9A1E7A4F7556}") = "EventDelegateNew", "EventDelegateNew\EventDelegateNew.csproj", "{C083D779-48B3-4371-B454-04D19BEA3DD1}"
EndProject
Project("{FAE04EC0-301F-11D3-BF4B-00C04F79EFBC}") = "YieldExample", "YieldExample\YieldExample.csproj", "{7BBBB97D-F89D-4AC7-AEB4-8FE56145651E}"
EndProject
Global
	GlobalSection(SolutionConfigurationPlatforms) = preSolution
		Debug|Any CPU = Debug|Any CPU
		Release|Any CPU = Release|Any CPU
	EndGlobalSection
	GlobalSection(ProjectConfigurationPlatforms) = postSolution
		{CBE67E24-7227-4207-B653-2EF4476BFD8D}.Debug|Any CPU.ActiveCfg = Debug|Any CPU
		{CBE67E24-7227-4207-B653-2EF4476BFD8D}.Debug|Any CPU.Build.0 = Debug|Any CPU
		{CBE67E24-7227-4207-B653-2EF4476BFD8D}.Release|Any CPU.ActiveCfg = Release|Any CPU
		{CBE67E24-7227-4207-B653-2EF4476BFD8D}.Release|Any CPU.Build.0 = Release|Any CPU
		{5BEB78AB-EEAF-4E7A-ACD7-7C94C5E0B179}.Debug|Any CPU.ActiveCfg = Debug|Any CPU
		{5BEB78AB-EEAF-4E7A-ACD7-7C94C5E0B179}.Debug|Any CPU.Build.0 = Debug|Any CPU
		{5BEB78AB-EEAF-4E7A-ACD7-7C94C5E0B179}.Release|Any CPU.ActiveCfg = Release|Any CPU
		{5BEB78AB-EEAF-4E7A-ACD7-7C94C5E0B179}.Release|Any CPU.Build.0 = Release|Any CPU
		{73F381F8-F077-4CA4-BFEC-9444EA02CC43}.Debug|Any CPU.ActiveCfg = Debug|Any CPU
		{73F381F8-F077-4CA4-BFEC-9444EA02CC43}.Debug|Any CPU.Build.0 = Debug|Any CPU
		{73F381F8-F077-4CA4-BFEC-9444EA02CC43}.Release|Any CPU.ActiveCfg = Release|Any CPU
		{73F381F8-F077-4CA4-BFEC-9444EA02CC43}.Release|Any CPU.Build.0 = Release|Any CPU
		{EA2C997F-F9C2-4807-AA20-C4CBDEA01628}.Debug|Any CPU.ActiveCfg = Debug|Any CPU
		{EA2C997F-F9C2-4807-AA20-C4CBDEA01628}.Debug|Any CPU.Build.0 = Debug|Any CPU
		{EA2C997F-F9C2-4807-AA20-C4CBDEA01628}.Release|Any CPU.ActiveCfg = Release|Any CPU
		{EA2C997F-F9C2-4807-AA20-C4CBDEA01628}.Release|Any CPU.Build.0 = Release|Any CPU
		{F5FD7F0D-84CA-41E7-A3F6-50CA44FDF25D}.Debug|Any CPU.ActiveCfg = Debug|Any CPU
		{F5FD7F0D-84CA-41E7-A3F6-50CA44FDF25D}.Debug|Any CPU.Build.0 = Debug|Any CPU
		{F5FD7F0D-84CA-41E7-A3F6-50CA44FDF25D}.Release|Any CPU.ActiveCfg = Release|Any CPU
		{F5FD7F0D-84CA-41E7-A3F6-50CA44FDF25D}.Release|Any CPU.Build.0 = Release|Any CPU
		{82C607E2-BF65-424D-819D-3DFB8F4AB95B}.Debug|Any CPU.ActiveCfg = Debug|Any CPU
		{82C607E2-BF65-424D-819D-3DFB8F4AB95B}.Debug|Any CPU.Build.0 = Debug|Any CPU
		{82C607E2-BF65-424D-819D-3DFB8F4AB95B}.Release|Any CPU.ActiveCfg = Release|Any CPU
		{82C607E2-BF65-424D-819D-3DFB8F4AB95B}.Release|Any CPU.Build.0 = Release|Any CPU
		{29F74E1A-4A9E-4C0E-A126-E3054E7538D1}.Debug|Any CPU.ActiveCfg = Debug|Any CPU
		{29F74E1A-4A9E-4C0E-A126-E3054E7538D1}.Debug|Any CPU.Build.0 = Debug|Any CPU
		{29F74E1A-4A9E-4C0E-A126-E3054E7538D1}.Release|Any CPU.ActiveCfg = Release|Any CPU
		{29F74E1A-4A9E-4C0E-A126-E3054E7538D1}.Release|Any CPU.Build.0 = Release|Any CPU
		{85F889E9-6F83-406F-A5CE-DCD5490E93E5}.Debug|Any CPU.ActiveCfg = Debug|Any CPU
		{85F889E9-6F83-406F-A5CE-DCD5490E93E5}.Debug|Any CPU.Build.0 = Debug|Any CPU
		{85F889E9-6F83-406F-A5CE-DCD5490E93E5}.Release|Any CPU.ActiveCfg = Release|Any CPU
		{85F889E9-6F83-406F-A5CE-DCD5490E93E5}.Release|Any CPU.Build.0 = Release|Any CPU
		{FC324A72-EA3B-4BFC-9693-C1B793D2B41B}.Debug|Any CPU.ActiveCfg = Debug|Any CPU
		{FC324A72-EA3B-4BFC-9693-C1B793D2B41B}.Debug|Any CPU.Build.0 = Debug|Any CPU
		{FC324A72-EA3B-4BFC-9693-C1B793D2B41B}.Release|Any CPU.ActiveCfg = Release|Any CPU
		{FC324A72-EA3B-4BFC-9693-C1B793D2B41B}.Release|Any CPU.Build.0 = Release|Any CPU
		{C083D779-48B3-4371-B454-04D19BEA3DD1}.Debug|Any CPU.ActiveCfg = Debug|Any CPU
		{C083D779-48B3-4371-B454-04D19BEA3DD1}.Debug|Any CPU.Build.0 = Debug|Any CPU
		{C083D779-48B3-4371-B454-04D19BEA3DD1}.Release|Any CPU.ActiveCfg = Release|Any CPU
		{C083D779-48B3-4371-B454-04D19BEA3DD1}.Release|Any CPU.Build.0 = Release|Any CPU
		{7BBBB97D-F89D-4AC7-AEB4-8FE56145651E}.Debug|Any CPU.ActiveCfg = Debug|Any CPU
		{7BBBB97D-F89D-4AC7-AEB4-8FE56145651E}.Debug|Any CPU.Build.0 = Debug|Any CPU
		{7BBBB97D-F89D-4AC7-AEB4-8FE56145651E}.Release|Any CPU.ActiveCfg = Release|Any CPU
		{7BBBB97D-F89D-4AC7-AEB4-8FE56145651E}.Release|Any CPU.Build.0 = Release|Any CPU
	EndGlobalSection
	GlobalSection(SolutionProperties) = preSolution
		HideSolutionNode = FALSE
	EndGlobalSection
	GlobalSection(ExtensibilityGlobals) = postSolution
		SolutionGuid = {9639F0D6-55E8-4940-84E2-BFF1920B5B82}
	EndGlobalSection
EndGlobal
